
Microsoft Visual Studio Solution File, Format Version 12.00
# Visual Studio 15
VisualStudioVersion = 15.0.28010.2050
MinimumVisualStudioVersion = 10.0.40219.1
Project("{FAE04EC0-301F-11D3-BF4B-00C04F79EFBC}") = "SweetMQ.Core", "SweetMQ.Core\SweetMQ.Core.csproj", "{34CC8C19-80DE-49E7-94DB-D927C40D3493}"
EndProject
Project("{FAE04EC0-301F-11D3-BF4B-00C04F79EFBC}") = "SweetMQ.Daemon", "SweetMQ.Daemon\SweetMQ.Daemon.csproj", "{57C79559-181A-4C21-A7C1-F18B3E3BB756}"
EndProject
Global
	GlobalSection(SolutionConfigurationPlatforms) = preSolution
		Debug|Any CPU = Debug|Any CPU
		Release|Any CPU = Release|Any CPU
	EndGlobalSection
	GlobalSection(ProjectConfigurationPlatforms) = postSolution
		{34CC8C19-80DE-49E7-94DB-D927C40D3493}.Debug|Any CPU.ActiveCfg = Debug|Any CPU
		{34CC8C19-80DE-49E7-94DB-D927C40D3493}.Debug|Any CPU.Build.0 = Debug|Any CPU
		{34CC8C19-80DE-49E7-94DB-D927C40D3493}.Release|Any CPU.ActiveCfg = Release|Any CPU
		{34CC8C19-80DE-49E7-94DB-D927C40D3493}.Release|Any CPU.Build.0 = Release|Any CPU
		{57C79559-181A-4C21-A7C1-F18B3E3BB756}.Debug|Any CPU.ActiveCfg = Debug|Any CPU
		{57C79559-181A-4C21-A7C1-F18B3E3BB756}.Debug|Any CPU.Build.0 = Debug|Any CPU
		{57C79559-181A-4C21-A7C1-F18B3E3BB756}.Release|Any CPU.ActiveCfg = Release|Any CPU
		{57C79559-181A-4C21-A7C1-F18B3E3BB756}.Release|Any CPU.Build.0 = Release|Any CPU
	EndGlobalSection
	GlobalSection(SolutionProperties) = preSolution
		HideSolutionNode = FALSE
	EndGlobalSection
	GlobalSection(ExtensibilityGlobals) = postSolution
		SolutionGuid = {AF099EFD-3719-4EE7-8CCB-237EE53C7A04}
	EndGlobalSection
EndGlobal
